
Microsoft Visual Studio Solution File, Format Version 12.00
# Visual Studio Version 16
VisualStudioVersion = 16.0.31019.35
MinimumVisualStudioVersion = 10.0.40219.1
Project("{FAE04EC0-301F-11D3-BF4B-00C04F79EFBC}") = "ReferenceTypes", "ReferenceTypes\ReferenceTypes.csproj", "{7A0B2AC8-DB9E-40A8-812B-D52FB6CD4A06}"
EndProject
Project("{FAE04EC0-301F-11D3-BF4B-00C04F79EFBC}") = "ValueTypes", "ValueTypes\ValueTypes.csproj", "{6A730510-8890-4ED0-AC5A-5C13DA50BCF8}"
EndProject
Project("{FAE04EC0-301F-11D3-BF4B-00C04F79EFBC}") = "Arithmetic", "Arithmetic\Arithmetic.csproj", "{C0E24865-CBBC-4734-BD0B-4D99266A8AAA}"
EndProject
Project("{FAE04EC0-301F-11D3-BF4B-00C04F79EFBC}") = "Comparison", "Comparison\Comparison.csproj", "{6709E74B-8F7C-4EA8-93A1-EF5F60EB1B17}"
EndProject
Global
	GlobalSection(SolutionConfigurationPlatforms) = preSolution
		Debug|Any CPU = Debug|Any CPU
		Release|Any CPU = Release|Any CPU
	EndGlobalSection
	GlobalSection(ProjectConfigurationPlatforms) = postSolution
		{7A0B2AC8-DB9E-40A8-812B-D52FB6CD4A06}.Debug|Any CPU.ActiveCfg = Debug|Any CPU
		{7A0B2AC8-DB9E-40A8-812B-D52FB6CD4A06}.Debug|Any CPU.Build.0 = Debug|Any CPU
		{7A0B2AC8-DB9E-40A8-812B-D52FB6CD4A06}.Release|Any CPU.ActiveCfg = Release|Any CPU
		{7A0B2AC8-DB9E-40A8-812B-D52FB6CD4A06}.Release|Any CPU.Build.0 = Release|Any CPU
		{6A730510-8890-4ED0-AC5A-5C13DA50BCF8}.Debug|Any CPU.ActiveCfg = Debug|Any CPU
		{6A730510-8890-4ED0-AC5A-5C13DA50BCF8}.Debug|Any CPU.Build.0 = Debug|Any CPU
		{6A730510-8890-4ED0-AC5A-5C13DA50BCF8}.Release|Any CPU.ActiveCfg = Release|Any CPU
		{6A730510-8890-4ED0-AC5A-5C13DA50BCF8}.Release|Any CPU.Build.0 = Release|Any CPU
		{C0E24865-CBBC-4734-BD0B-4D99266A8AAA}.Debug|Any CPU.ActiveCfg = Debug|Any CPU
		{C0E24865-CBBC-4734-BD0B-4D99266A8AAA}.Debug|Any CPU.Build.0 = Debug|Any CPU
		{C0E24865-CBBC-4734-BD0B-4D99266A8AAA}.Release|Any CPU.ActiveCfg = Release|Any CPU
		{C0E24865-CBBC-4734-BD0B-4D99266A8AAA}.Release|Any CPU.Build.0 = Release|Any CPU
		{6709E74B-8F7C-4EA8-93A1-EF5F60EB1B17}.Debug|Any CPU.ActiveCfg = Debug|Any CPU
		{6709E74B-8F7C-4EA8-93A1-EF5F60EB1B17}.Debug|Any CPU.Build.0 = Debug|Any CPU
		{6709E74B-8F7C-4EA8-93A1-EF5F60EB1B17}.Release|Any CPU.ActiveCfg = Release|Any CPU
		{6709E74B-8F7C-4EA8-93A1-EF5F60EB1B17}.Release|Any CPU.Build.0 = Release|Any CPU
	EndGlobalSection
	GlobalSection(SolutionProperties) = preSolution
		HideSolutionNode = FALSE
	EndGlobalSection
	GlobalSection(ExtensibilityGlobals) = postSolution
		SolutionGuid = {81F72935-2DB3-413A-B21F-4A1283FACADD}
	EndGlobalSection
EndGlobal
